
Microsoft Visual Studio Solution File, Format Version 12.00
# Visual Studio 15
VisualStudioVersion = 15.0.28307.572
MinimumVisualStudioVersion = 10.0.40219.1
Project("{FAE04EC0-301F-11D3-BF4B-00C04F79EFBC}") = "MVCLab", "MVCLab\MVCLab.csproj", "{BB576D17-3027-4465-BACD-052C32FA9522}"
EndProject
Global
	GlobalSection(SolutionConfigurationPlatforms) = preSolution
		Debug|Any CPU = Debug|Any CPU
		Release|Any CPU = Release|Any CPU
	EndGlobalSection
	GlobalSection(ProjectConfigurationPlatforms) = postSolution
		{BB576D17-3027-4465-BACD-052C32FA9522}.Debug|Any CPU.ActiveCfg = Debug|Any CPU
		{BB576D17-3027-4465-BACD-052C32FA9522}.Debug|Any CPU.Build.0 = Debug|Any CPU
		{BB576D17-3027-4465-BACD-052C32FA9522}.Release|Any CPU.ActiveCfg = Release|Any CPU
		{BB576D17-3027-4465-BACD-052C32FA9522}.Release|Any CPU.Build.0 = Release|Any CPU
	EndGlobalSection
	GlobalSection(SolutionProperties) = preSolution
		HideSolutionNode = FALSE
	EndGlobalSection
	GlobalSection(ExtensibilityGlobals) = postSolution
		SolutionGuid = {52EAE3D3-A9A3-48EF-88C7-7CA14DE98389}
	EndGlobalSection
EndGlobal
